
Microsoft Visual Studio Solution File, Format Version 12.00
# Visual Studio Version 17
VisualStudioVersion = 17.14.36511.14 d17.14
MinimumVisualStudioVersion = 10.0.40219.1
Project("{8BC9CEB8-8B4A-11D0-8D11-00A0C91BC942}") = "Lab_05_4", "Lab_05_4.vcxproj", "{C8E445C8-7DE6-4DDF-9734-1FBEB1596DBF}"
EndProject
Project("{8BC9CEB8-8B4A-11D0-8D11-00A0C91BC942}") = "UnitTest1", "UnitTest1\UnitTest1.vcxproj", "{5768658D-5753-57BE-9F55-89088097DC31}"
EndProject
Global
	GlobalSection(SolutionConfigurationPlatforms) = preSolution
		Debug|x64 = Debug|x64
		Debug|x86 = Debug|x86
		Release|x64 = Release|x64
		Release|x86 = Release|x86
	EndGlobalSection
	GlobalSection(ProjectConfigurationPlatforms) = postSolution
		{C8E445C8-7DE6-4DDF-9734-1FBEB1596DBF}.Debug|x64.ActiveCfg = Debug|x64
		{C8E445C8-7DE6-4DDF-9734-1FBEB1596DBF}.Debug|x64.Build.0 = Debug|x64
		{C8E445C8-7DE6-4DDF-9734-1FBEB1596DBF}.Debug|x86.ActiveCfg = Debug|Win32
		{C8E445C8-7DE6-4DDF-9734-1FBEB1596DBF}.Debug|x86.Build.0 = Debug|Win32
		{C8E445C8-7DE6-4DDF-9734-1FBEB1596DBF}.Release|x64.ActiveCfg = Release|x64
		{C8E445C8-7DE6-4DDF-9734-1FBEB1596DBF}.Release|x64.Build.0 = Release|x64
		{C8E445C8-7DE6-4DDF-9734-1FBEB1596DBF}.Release|x86.ActiveCfg = Release|Win32
		{C8E445C8-7DE6-4DDF-9734-1FBEB1596DBF}.Release|x86.Build.0 = Release|Win32
		{5768658D-5753-57BE-9F55-89088097DC31}.Debug|x64.ActiveCfg = Debug|x64
		{5768658D-5753-57BE-9F55-89088097DC31}.Debug|x64.Build.0 = Debug|x64
		{5768658D-5753-57BE-9F55-89088097DC31}.Debug|x86.ActiveCfg = Debug|Win32
		{5768658D-5753-57BE-9F55-89088097DC31}.Debug|x86.Build.0 = Debug|Win32
		{5768658D-5753-57BE-9F55-89088097DC31}.Release|x64.ActiveCfg = Release|x64
		{5768658D-5753-57BE-9F55-89088097DC31}.Release|x64.Build.0 = Release|x64
		{5768658D-5753-57BE-9F55-89088097DC31}.Release|x86.ActiveCfg = Release|Win32
		{5768658D-5753-57BE-9F55-89088097DC31}.Release|x86.Build.0 = Release|Win32
	EndGlobalSection
	GlobalSection(SolutionProperties) = preSolution
		HideSolutionNode = FALSE
	EndGlobalSection
	GlobalSection(ExtensibilityGlobals) = postSolution
		SolutionGuid = {91B4595A-54D8-4C83-A6FA-F65277BF85D7}
	EndGlobalSection
EndGlobal
