
Microsoft Visual Studio Solution File, Format Version 12.00
# Visual Studio Version 17
VisualStudioVersion = 17.14.36511.14 d17.14
MinimumVisualStudioVersion = 10.0.40219.1
Project("{8BC9CEB8-8B4A-11D0-8D11-00A0C91BC942}") = "Lab_02", "Lab_02\Lab_02.vcxproj", "{3179643C-2A88-469F-810F-D2DE9E60496F}"
EndProject
Global
	GlobalSection(SolutionConfigurationPlatforms) = preSolution
		Debug|x64 = Debug|x64
		Debug|x86 = Debug|x86
		Release|x64 = Release|x64
		Release|x86 = Release|x86
	EndGlobalSection
	GlobalSection(ProjectConfigurationPlatforms) = postSolution
		{3179643C-2A88-469F-810F-D2DE9E60496F}.Debug|x64.ActiveCfg = Debug|x64
		{3179643C-2A88-469F-810F-D2DE9E60496F}.Debug|x64.Build.0 = Debug|x64
		{3179643C-2A88-469F-810F-D2DE9E60496F}.Debug|x86.ActiveCfg = Debug|Win32
		{3179643C-2A88-469F-810F-D2DE9E60496F}.Debug|x86.Build.0 = Debug|Win32
		{3179643C-2A88-469F-810F-D2DE9E60496F}.Release|x64.ActiveCfg = Release|x64
		{3179643C-2A88-469F-810F-D2DE9E60496F}.Release|x64.Build.0 = Release|x64
		{3179643C-2A88-469F-810F-D2DE9E60496F}.Release|x86.ActiveCfg = Release|Win32
		{3179643C-2A88-469F-810F-D2DE9E60496F}.Release|x86.Build.0 = Release|Win32
	EndGlobalSection
	GlobalSection(SolutionProperties) = preSolution
		HideSolutionNode = FALSE
	EndGlobalSection
	GlobalSection(ExtensibilityGlobals) = postSolution
		SolutionGuid = {D0C4AFBF-ADD0-4260-9C10-781E1F1317BF}
	EndGlobalSection
EndGlobal
