
Microsoft Visual Studio Solution File, Format Version 12.00
# Visual Studio Version 17
VisualStudioVersion = 17.14.36511.14 d17.14
MinimumVisualStudioVersion = 10.0.40219.1
Project("{8BC9CEB8-8B4A-11D0-8D11-00A0C91BC942}") = "lab_06_3_rec", "lab_06_3_rec.vcxproj", "{425E2E12-1672-4710-BE4F-A42B29C81569}"
EndProject
Project("{8BC9CEB8-8B4A-11D0-8D11-00A0C91BC942}") = "UnitTest6", "..\UnitTest6\UnitTest6.vcxproj", "{092D80B5-44D4-13A1-DDBF-514777D3684A}"
EndProject
Global
	GlobalSection(SolutionConfigurationPlatforms) = preSolution
		Debug|x64 = Debug|x64
		Debug|x86 = Debug|x86
		Release|x64 = Release|x64
		Release|x86 = Release|x86
	EndGlobalSection
	GlobalSection(ProjectConfigurationPlatforms) = postSolution
		{425E2E12-1672-4710-BE4F-A42B29C81569}.Debug|x64.ActiveCfg = Debug|x64
		{425E2E12-1672-4710-BE4F-A42B29C81569}.Debug|x64.Build.0 = Debug|x64
		{425E2E12-1672-4710-BE4F-A42B29C81569}.Debug|x86.ActiveCfg = Debug|Win32
		{425E2E12-1672-4710-BE4F-A42B29C81569}.Debug|x86.Build.0 = Debug|Win32
		{425E2E12-1672-4710-BE4F-A42B29C81569}.Release|x64.ActiveCfg = Release|x64
		{425E2E12-1672-4710-BE4F-A42B29C81569}.Release|x64.Build.0 = Release|x64
		{425E2E12-1672-4710-BE4F-A42B29C81569}.Release|x86.ActiveCfg = Release|Win32
		{425E2E12-1672-4710-BE4F-A42B29C81569}.Release|x86.Build.0 = Release|Win32
		{092D80B5-44D4-13A1-DDBF-514777D3684A}.Debug|x64.ActiveCfg = Debug|x64
		{092D80B5-44D4-13A1-DDBF-514777D3684A}.Debug|x64.Build.0 = Debug|x64
		{092D80B5-44D4-13A1-DDBF-514777D3684A}.Debug|x86.ActiveCfg = Debug|Win32
		{092D80B5-44D4-13A1-DDBF-514777D3684A}.Debug|x86.Build.0 = Debug|Win32
		{092D80B5-44D4-13A1-DDBF-514777D3684A}.Release|x64.ActiveCfg = Release|x64
		{092D80B5-44D4-13A1-DDBF-514777D3684A}.Release|x64.Build.0 = Release|x64
		{092D80B5-44D4-13A1-DDBF-514777D3684A}.Release|x86.ActiveCfg = Release|Win32
		{092D80B5-44D4-13A1-DDBF-514777D3684A}.Release|x86.Build.0 = Release|Win32
	EndGlobalSection
	GlobalSection(SolutionProperties) = preSolution
		HideSolutionNode = FALSE
	EndGlobalSection
	GlobalSection(ExtensibilityGlobals) = postSolution
		SolutionGuid = {4FE308A2-3397-40AC-B422-0975EBC298B6}
	EndGlobalSection
EndGlobal
